// !$*UTF8*$!
{
	archiveVersion = 1;
	classes = {
	};
	objectVersion = 50;
	objects = {

/* Begin PBXBuildFile section */
		6B5E3A3F207E01A600B30F58 /* AppDelegate.swift in Sources */ = {isa = PBXBuildFile; fileRef = 6B5E3A3E207E01A600B30F58 /* AppDelegate.swift */; };
		6B5E3A41207E01A600B30F58 /* ViewController.swift in Sources */ = {isa = PBXBuildFile; fileRef = 6B5E3A40207E01A600B30F58 /* ViewController.swift */; };
		6B5E3A44207E01A600B30F58 /* Main.storyboard in Resources */ = {isa = PBXBuildFile; fileRef = 6B5E3A42207E01A600B30F58 /* Main.storyboard */; };
		6B5E3A46207E01A700B30F58 /* Assets.xcassets in Resources */ = {isa = PBXBuildFile; fileRef = 6B5E3A45207E01A700B30F58 /* Assets.xcassets */; };
		6B5E3A49207E01A700B30F58 /* LaunchScreen.storyboard in Resources */ = {isa = PBXBuildFile; fileRef = 6B5E3A47207E01A700B30F58 /* LaunchScreen.storyboard */; };
		6B5E3A54207E0D9800B30F58 /* EmptyInfoView.swift in Sources */ = {isa = PBXBuildFile; fileRef = 6B5E3A53207E0D9800B30F58 /* EmptyInfoView.swift */; };
		6B5E3A56207EEF8E00B30F58 /* Constants.swift in Sources */ = {isa = PBXBuildFile; fileRef = 6B5E3A55207EEF8E00B30F58 /* Constants.swift */; };
		6B5E3A58207EF46400B30F58 /* Protocol.swift in Sources */ = {isa = PBXBuildFile; fileRef = 6B5E3A57207EF46400B30F58 /* Protocol.swift */; };
		6B5E3A5A207EFBA700B30F58 /* WeakObjectContanier.swift in Sources */ = {isa = PBXBuildFile; fileRef = 6B5E3A59207EFBA700B30F58 /* WeakObjectContanier.swift */; };
		6B5E3A5C207EFCA800B30F58 /* RXEmptyInfoBg.swift in Sources */ = {isa = PBXBuildFile; fileRef = 6B5E3A5B207EFCA800B30F58 /* RXEmptyInfoBg.swift */; };
/* End PBXBuildFile section */

/* Begin PBXFileReference section */
		6B5E3A3B207E01A600B30F58 /* RXEmptyBgExample.app */ = {isa = PBXFileReference; explicitFileType = wrapper.application; includeInIndex = 0; path = RXEmptyBgExample.app; sourceTree = BUILT_PRODUCTS_DIR; };
		6B5E3A3E207E01A600B30F58 /* AppDelegate.swift */ = {isa = PBXFileReference; lastKnownFileType = sourcecode.swift; path = AppDelegate.swift; sourceTree = "<group>"; };
		6B5E3A40207E01A600B30F58 /* ViewController.swift */ = {isa = PBXFileReference; lastKnownFileType = sourcecode.swift; path = ViewController.swift; sourceTree = "<group>"; };
		6B5E3A43207E01A600B30F58 /* Base */ = {isa = PBXFileReference; lastKnownFileType = file.storyboard; name = Base; path = Base.lproj/Main.storyboard; sourceTree = "<group>"; };
		6B5E3A45207E01A700B30F58 /* Assets.xcassets */ = {isa = PBXFileReference; lastKnownFileType = folder.assetcatalog; path = Assets.xcassets; sourceTree = "<group>"; };
		6B5E3A48207E01A700B30F58 /* Base */ = {isa = PBXFileReference; lastKnownFileType = file.storyboard; name = Base; path = Base.lproj/LaunchScreen.storyboard; sourceTree = "<group>"; };
		6B5E3A4A207E01A700B30F58 /* Info.plist */ = {isa = PBXFileReference; lastKnownFileType = text.plist.xml; path = Info.plist; sourceTree = "<group>"; };
		6B5E3A53207E0D9800B30F58 /* EmptyInfoView.swift */ = {isa = PBXFileReference; lastKnownFileType = sourcecode.swift; path = EmptyInfoView.swift; sourceTree = "<group>"; };
		6B5E3A55207EEF8E00B30F58 /* Constants.swift */ = {isa = PBXFileReference; lastKnownFileType = sourcecode.swift; path = Constants.swift; sourceTree = "<group>"; };
		6B5E3A57207EF46400B30F58 /* Protocol.swift */ = {isa = PBXFileReference; lastKnownFileType = sourcecode.swift; path = Protocol.swift; sourceTree = "<group>"; };
		6B5E3A59207EFBA700B30F58 /* WeakObjectContanier.swift */ = {isa = PBXFileReference; lastKnownFileType = sourcecode.swift; path = WeakObjectContanier.swift; sourceTree = "<group>"; };
		6B5E3A5B207EFCA800B30F58 /* RXEmptyInfoBg.swift */ = {isa = PBXFileReference; lastKnownFileType = sourcecode.swift; path = RXEmptyInfoBg.swift; sourceTree = "<group>"; };
/* End PBXFileReference section */

/* Begin PBXFrameworksBuildPhase section */
		6B5E3A38207E01A600B30F58 /* Frameworks */ = {
			isa = PBXFrameworksBuildPhase;
			buildActionMask = 2147483647;
			files = (
			);
			runOnlyForDeploymentPostprocessing = 0;
		};
/* End PBXFrameworksBuildPhase section */

/* Begin PBXGroup section */
		6B5E3A32207E01A600B30F58 = {
			isa = PBXGroup;
			children = (
				6B5E3A3D207E01A600B30F58 /* RXEmptyBgExample */,
				6B5E3A3C207E01A600B30F58 /* Products */,
			);
			sourceTree = "<group>";
		};
		6B5E3A3C207E01A600B30F58 /* Products */ = {
			isa = PBXGroup;
			children = (
				6B5E3A3B207E01A600B30F58 /* RXEmptyBgExample.app */,
			);
			name = Products;
			sourceTree = "<group>";
		};
		6B5E3A3D207E01A600B30F58 /* RXEmptyBgExample */ = {
			isa = PBXGroup;
			children = (
				6B5E3A50207E01E300B30F58 /* RXEmptyBg */,
				6B5E3A3E207E01A600B30F58 /* AppDelegate.swift */,
				6B5E3A40207E01A600B30F58 /* ViewController.swift */,
				6B5E3A42207E01A600B30F58 /* Main.storyboard */,
				6B5E3A45207E01A700B30F58 /* Assets.xcassets */,
				6B5E3A47207E01A700B30F58 /* LaunchScreen.storyboard */,
				6B5E3A4A207E01A700B30F58 /* Info.plist */,
			);
			path = RXEmptyBgExample;
			sourceTree = "<group>";
		};
		6B5E3A50207E01E300B30F58 /* RXEmptyBg */ = {
			isa = PBXGroup;
			children = (
				6B5E3A57207EF46400B30F58 /* Protocol.swift */,
				6B5E3A55207EEF8E00B30F58 /* Constants.swift */,
				6B5E3A53207E0D9800B30F58 /* EmptyInfoView.swift */,
				6B5E3A5B207EFCA800B30F58 /* RXEmptyInfoBg.swift */,
				6B5E3A59207EFBA700B30F58 /* WeakObjectContanier.swift */,
			);
			path = RXEmptyBg;
			sourceTree = "<group>";
		};
/* End PBXGroup section */

/* Begin PBXNativeTarget section */
		6B5E3A3A207E01A600B30F58 /* RXEmptyBgExample */ = {
			isa = PBXNativeTarget;
			buildConfigurationList = 6B5E3A4D207E01A700B30F58 /* Build configuration list for PBXNativeTarget "RXEmptyBgExample" */;
			buildPhases = (
				6B5E3A37207E01A600B30F58 /* Sources */,
				6B5E3A38207E01A600B30F58 /* Frameworks */,
				6B5E3A39207E01A600B30F58 /* Resources */,
			);
			buildRules = (
			);
			dependencies = (
			);
			name = RXEmptyBgExample;
			productName = RXEmptyBgExample;
			productReference = 6B5E3A3B207E01A600B30F58 /* RXEmptyBgExample.app */;
			productType = "com.apple.product-type.application";
		};
/* End PBXNativeTarget section */

/* Begin PBXProject section */
		6B5E3A33207E01A600B30F58 /* Project object */ = {
			isa = PBXProject;
			attributes = {
				LastSwiftUpdateCheck = 0930;
				LastUpgradeCheck = 0930;
				ORGANIZATIONNAME = AlphaDog;
				TargetAttributes = {
					6B5E3A3A207E01A600B30F58 = {
						CreatedOnToolsVersion = 9.3;
					};
				};
			};
			buildConfigurationList = 6B5E3A36207E01A600B30F58 /* Build configuration list for PBXProject "RXEmptyBgExample" */;
			compatibilityVersion = "Xcode 9.3";
			developmentRegion = en;
			hasScannedForEncodings = 0;
			knownRegions = (
				en,
				Base,
			);
			mainGroup = 6B5E3A32207E01A600B30F58;
			productRefGroup = 6B5E3A3C207E01A600B30F58 /* Products */;
			projectDirPath = "";
			projectRoot = "";
			targets = (
				6B5E3A3A207E01A600B30F58 /* RXEmptyBgExample */,
			);
		};
/* End PBXProject section */

/* Begin PBXResourcesBuildPhase section */
		6B5E3A39207E01A600B30F58 /* Resources */ = {
			isa = PBXResourcesBuildPhase;
			buildActionMask = 2147483647;
			files = (
				6B5E3A49207E01A700B30F58 /* LaunchScreen.storyboard in Resources */,
				6B5E3A46207E01A700B30F58 /* Assets.xcassets in Resources */,
				6B5E3A44207E01A600B30F58 /* Main.storyboard in Resources */,
			);
			runOnlyForDeploymentPostprocessing = 0;
		};
/* End PBXResourcesBuildPhase section */

/* Begin PBXSourcesBuildPhase section */
		6B5E3A37207E01A600B30F58 /* Sources */ = {
			isa = PBXSourcesBuildPhase;
			buildActionMask = 2147483647;
			files = (
				6B5E3A5A207EFBA700B30F58 /* WeakObjectContanier.swift in Sources */,
				6B5E3A54207E0D9800B30F58 /* EmptyInfoView.swift in Sources */,
				6B5E3A41207E01A600B30F58 /* ViewController.swift in Sources */,
				6B5E3A3F207E01A600B30F58 /* AppDelegate.swift in Sources */,
				6B5E3A56207EEF8E00B30F58 /* Constants.swift in Sources */,
				6B5E3A58207EF46400B30F58 /* Protocol.swift in Sources */,
				6B5E3A5C207EFCA800B30F58 /* RXEmptyInfoBg.swift in Sources */,
			);
			runOnlyForDeploymentPostprocessing = 0;
		};
/* End PBXSourcesBuildPhase section */

/* Begin PBXVariantGroup section */
		6B5E3A42207E01A600B30F58 /* Main.storyboard */ = {
			isa = PBXVariantGroup;
			children = (
				6B5E3A43207E01A600B30F58 /* Base */,
			);
			name = Main.storyboard;
			sourceTree = "<group>";
		};
		6B5E3A47207E01A700B30F58 /* LaunchScreen.storyboard */ = {
			isa = PBXVariantGroup;
			children = (
				6B5E3A48207E01A700B30F58 /* Base */,
			);
			name = LaunchScreen.storyboard;
			sourceTree = "<group>";
		};
/* End PBXVariantGroup section */

/* Begin XCBuildConfiguration section */
		6B5E3A4B207E01A700B30F58 /* Debug */ = {
			isa = XCBuildConfiguration;
			buildSettings = {
				ALWAYS_SEARCH_USER_PATHS = NO;
				CLANG_ANALYZER_NONNULL = YES;
				CLANG_ANALYZER_NUMBER_OBJECT_CONVERSION = YES_AGGRESSIVE;
				CLANG_CXX_LANGUAGE_STANDARD = "gnu++14";
				CLANG_CXX_LIBRARY = "libc++";
				CLANG_ENABLE_MODULES = YES;
				CLANG_ENABLE_OBJC_ARC = YES;
				CLANG_ENABLE_OBJC_WEAK = YES;
				CLANG_WARN_BLOCK_CAPTURE_AUTORELEASING = YES;
				CLANG_WARN_BOOL_CONVERSION = YES;
				CLANG_WARN_COMMA = YES;
				CLANG_WARN_CONSTANT_CONVERSION = YES;
				CLANG_WARN_DEPRECATED_OBJC_IMPLEMENTATIONS = YES;
				CLANG_WARN_DIRECT_OBJC_ISA_USAGE = YES_ERROR;
				CLANG_WARN_DOCUMENTATION_COMMENTS = YES;
				CLANG_WARN_EMPTY_BODY = YES;
				CLANG_WARN_ENUM_CONVERSION = YES;
				CLANG_WARN_INFINITE_RECURSION = YES;
				CLANG_WARN_INT_CONVERSION = YES;
				CLANG_WARN_NON_LITERAL_NULL_CONVERSION = YES;
				CLANG_WARN_OBJC_IMPLICIT_RETAIN_SELF = YES;
				CLANG_WARN_OBJC_LITERAL_CONVERSION = YES;
				CLANG_WARN_OBJC_ROOT_CLASS = YES_ERROR;
				CLANG_WARN_RANGE_LOOP_ANALYSIS = YES;
				CLANG_WARN_STRICT_PROTOTYPES = YES;
				CLANG_WARN_SUSPICIOUS_MOVE = YES;
				CLANG_WARN_UNGUARDED_AVAILABILITY = YES_AGGRESSIVE;
				CLANG_WARN_UNREACHABLE_CODE = YES;
				CLANG_WARN__DUPLICATE_METHOD_MATCH = YES;
				CODE_SIGN_IDENTITY = "iPhone Developer";
				COPY_PHASE_STRIP = NO;
				DEBUG_INFORMATION_FORMAT = dwarf;
				ENABLE_STRICT_OBJC_MSGSEND = YES;
				ENABLE_TESTABILITY = YES;
				GCC_C_LANGUAGE_STANDARD = gnu11;
				GCC_DYNAMIC_NO_PIC = NO;
				GCC_NO_COMMON_BLOCKS = YES;
				GCC_OPTIMIZATION_LEVEL = 0;
				GCC_PREPROCESSOR_DEFINITIONS = (
					"DEBUG=1",
					"$(inherited)",
				);
				GCC_WARN_64_TO_32_BIT_CONVERSION = YES;
				GCC_WARN_ABOUT_RETURN_TYPE = YES_ERROR;
				GCC_WARN_UNDECLARED_SELECTOR = YES;
				GCC_WARN_UNINITIALIZED_AUTOS = YES_AGGRESSIVE;
				GCC_WARN_UNUSED_FUNCTION = YES;
				GCC_WARN_UNUSED_VARIABLE = YES;
				IPHONEOS_DEPLOYMENT_TARGET = 11.3;
				MTL_ENABLE_DEBUG_INFO = YES;
				ONLY_ACTIVE_ARCH = YES;
				SDKROOT = iphoneos;
				SWIFT_ACTIVE_COMPILATION_CONDITIONS = DEBUG;
				SWIFT_OPTIMIZATION_LEVEL = "-Onone";
			};
			name = Debug;
		};
		6B5E3A4C207E01A700B30F58 /* Release */ = {
			isa = XCBuildConfiguration;
			buildSettings = {
				ALWAYS_SEARCH_USER_PATHS = NO;
				CLANG_ANALYZER_NONNULL = YES;
				CLANG_ANALYZER_NUMBER_OBJECT_CONVERSION = YES_AGGRESSIVE;
				CLANG_CXX_LANGUAGE_STANDARD = "gnu++14";
				CLANG_CXX_LIBRARY = "libc++";
				CLANG_ENABLE_MODULES = YES;
				CLANG_ENABLE_OBJC_ARC = YES;
				CLANG_ENABLE_OBJC_WEAK = YES;
				CLANG_WARN_BLOCK_CAPTURE_AUTORELEASING = YES;
				CLANG_WARN_BOOL_CONVERSION = YES;
				CLANG_WARN_COMMA = YES;
				CLANG_WARN_CONSTANT_CONVERSION = YES;
				CLANG_WARN_DEPRECATED_OBJC_IMPLEMENTATIONS = YES;
				CLANG_WARN_DIRECT_OBJC_ISA_USAGE = YES_ERROR;
				CLANG_WARN_DOCUMENTATION_COMMENTS = YES;
				CLANG_WARN_EMPTY_BODY = YES;
				CLANG_WARN_ENUM_CONVERSION = YES;
				CLANG_WARN_INFINITE_RECURSION = YES;
				CLANG_WARN_INT_CONVERSION = YES;
				CLANG_WARN_NON_LITERAL_NULL_CONVERSION = YES;
				CLANG_WARN_OBJC_IMPLICIT_RETAIN_SELF = YES;
				CLANG_WARN_OBJC_LITERAL_CONVERSION = YES;
				CLANG_WARN_OBJC_ROOT_CLASS = YES_ERROR;
				CLANG_WARN_RANGE_LOOP_ANALYSIS = YES;
				CLANG_WARN_STRICT_PROTOTYPES = YES;
				CLANG_WARN_SUSPICIOUS_MOVE = YES;
				CLANG_WARN_UNGUARDED_AVAILABILITY = YES_AGGRESSIVE;
				CLANG_WARN_UNREACHABLE_CODE = YES;
				CLANG_WARN__DUPLICATE_METHOD_MATCH = YES;
				CODE_SIGN_IDENTITY = "iPhone Developer";
				COPY_PHASE_STRIP = NO;
				DEBUG_INFORMATION_FORMAT = "dwarf-with-dsym";
				ENABLE_NS_ASSERTIONS = NO;
				ENABLE_STRICT_OBJC_MSGSEND = YES;
				GCC_C_LANGUAGE_STANDARD = gnu11;
				GCC_NO_COMMON_BLOCKS = YES;
				GCC_WARN_64_TO_32_BIT_CONVERSION = YES;
				GCC_WARN_ABOUT_RETURN_TYPE = YES_ERROR;
				GCC_WARN_UNDECLARED_SELECTOR = YES;
				GCC_WARN_UNINITIALIZED_AUTOS = YES_AGGRESSIVE;
				GCC_WARN_UNUSED_FUNCTION = YES;
				GCC_WARN_UNUSED_VARIABLE = YES;
				IPHONEOS_DEPLOYMENT_TARGET = 11.3;
				MTL_ENABLE_DEBUG_INFO = NO;
				SDKROOT = iphoneos;
				SWIFT_COMPILATION_MODE = wholemodule;
				SWIFT_OPTIMIZATION_LEVEL = "-O";
				VALIDATE_PRODUCT = YES;
			};
			name = Release;
		};
		6B5E3A4E207E01A700B30F58 /* Debug */ = {
			isa = XCBuildConfiguration;
			buildSettings = {
				ASSETCATALOG_COMPILER_APPICON_NAME = AppIcon;
				CODE_SIGN_STYLE = Automatic;
				DEVELOPMENT_TEAM = K63AR9M9BB;
				INFOPLIST_FILE = RXEmptyBgExample/Info.plist;
				IPHONEOS_DEPLOYMENT_TARGET = 8.0;
				LD_RUNPATH_SEARCH_PATHS = (
					"$(inherited)",
					"@executable_path/Frameworks",
				);
				PRODUCT_BUNDLE_IDENTIFIER = com.ios.jxtele.RXEmptyBgExample;
				PRODUCT_NAME = "$(TARGET_NAME)";
				SWIFT_VERSION = 4.2;
				TARGETED_DEVICE_FAMILY = "1,2";
			};
			name = Debug;
		};
		6B5E3A4F207E01A700B30F58 /* Release */ = {
			isa = XCBuildConfiguration;
			buildSettings = {
				ASSETCATALOG_COMPILER_APPICON_NAME = AppIcon;
				CODE_SIGN_STYLE = Automatic;
				DEVELOPMENT_TEAM = K63AR9M9BB;
				INFOPLIST_FILE = RXEmptyBgExample/Info.plist;
				IPHONEOS_DEPLOYMENT_TARGET = 8.0;
				LD_RUNPATH_SEARCH_PATHS = (
					"$(inherited)",
					"@executable_path/Frameworks",
				);
				PRODUCT_BUNDLE_IDENTIFIER = com.ios.jxtele.RXEmptyBgExample;
				PRODUCT_NAME = "$(TARGET_NAME)";
				SWIFT_VERSION = 4.2;
				TARGETED_DEVICE_FAMILY = "1,2";
			};
			name = Release;
		};
/* End XCBuildConfiguration section */

/* Begin XCConfigurationList section */
		6B5E3A36207E01A600B30F58 /* Build configuration list for PBXProject "RXEmptyBgExample" */ = {
			isa = XCConfigurationList;
			buildConfigurations = (
				6B5E3A4B207E01A700B30F58 /* Debug */,
				6B5E3A4C207E01A700B30F58 /* Release */,
			);
			defaultConfigurationIsVisible = 0;
			defaultConfigurationName = Release;
		};
		6B5E3A4D207E01A700B30F58 /* Build configuration list for PBXNativeTarget "RXEmptyBgExample" */ = {
			isa = XCConfigurationList;
			buildConfigurations = (
				6B5E3A4E207E01A700B30F58 /* Debug */,
				6B5E3A4F207E01A700B30F58 /* Release */,
			);
			defaultConfigurationIsVisible = 0;
			defaultConfigurationName = Release;
		};
/* End XCConfigurationList section */
	};
	rootObject = 6B5E3A33207E01A600B30F58 /* Project object */;
}
